
Microsoft Visual Studio Solution File, Format Version 11.00
# Visual Studio 2010
Project("{FAE04EC0-301F-11D3-BF4B-00C04F79EFBC}") = "Web", "Web\Web.csproj", "{063D84B6-08F0-4EF2-A99D-E30E827DE3B8}"
EndProject
Project("{FAE04EC0-301F-11D3-BF4B-00C04F79EFBC}") = "Web.Tests", "Web.Tests\Web.Tests.csproj", "{8ABADD19-4E90-47B9-AD69-A4B00A8E8F6E}"
EndProject
Global
	GlobalSection(SolutionConfigurationPlatforms) = preSolution
		Debug|Any CPU = Debug|Any CPU
		Release|Any CPU = Release|Any CPU
	EndGlobalSection
	GlobalSection(ProjectConfigurationPlatforms) = postSolution
		{063D84B6-08F0-4EF2-A99D-E30E827DE3B8}.Debug|Any CPU.ActiveCfg = Debug|Any CPU
		{063D84B6-08F0-4EF2-A99D-E30E827DE3B8}.Debug|Any CPU.Build.0 = Debug|Any CPU
		{063D84B6-08F0-4EF2-A99D-E30E827DE3B8}.Release|Any CPU.ActiveCfg = Release|Any CPU
		{063D84B6-08F0-4EF2-A99D-E30E827DE3B8}.Release|Any CPU.Build.0 = Release|Any CPU
		{8ABADD19-4E90-47B9-AD69-A4B00A8E8F6E}.Debug|Any CPU.ActiveCfg = Debug|Any CPU
		{8ABADD19-4E90-47B9-AD69-A4B00A8E8F6E}.Debug|Any CPU.Build.0 = Debug|Any CPU
		{8ABADD19-4E90-47B9-AD69-A4B00A8E8F6E}.Release|Any CPU.ActiveCfg = Release|Any CPU
		{8ABADD19-4E90-47B9-AD69-A4B00A8E8F6E}.Release|Any CPU.Build.0 = Release|Any CPU
	EndGlobalSection
	GlobalSection(SolutionProperties) = preSolution
		HideSolutionNode = FALSE
	EndGlobalSection
EndGlobal
